
Microsoft Visual Studio Solution File, Format Version 12.00
# Visual Studio Version 17
VisualStudioVersion = 17.0.32014.148
MinimumVisualStudioVersion = 10.0.40219.1
Project("{2150E333-8FDC-42A3-9474-1A3956D46DE8}") = "Services", "Services", "{C28A2391-DED7-4EC1-9570-98BBCD7F27A6}"
EndProject
Project("{2150E333-8FDC-42A3-9474-1A3956D46DE8}") = "Catalog", "Catalog", "{1182D961-A03D-4558-82A6-526A88F053AA}"
EndProject
Project("{9A19103F-16F7-4668-BE54-9A1E7A4F7556}") = "FreeCourse.Services.Catalog", "Services\Catalog\FreeCourse.Services.Catalog\FreeCourse.Services.Catalog.csproj", "{0CBD037F-9F12-4605-8722-E2EA0F34A892}"
EndProject
Project("{2150E333-8FDC-42A3-9474-1A3956D46DE8}") = "Solution Items", "Solution Items", "{4A0CE814-A47F-4B69-B210-19D865ED3A0B}"
	ProjectSection(SolutionItems) = preProject
		Ports.txt = Ports.txt
	EndProjectSection
EndProject
Project("{2150E333-8FDC-42A3-9474-1A3956D46DE8}") = "Shared", "Shared", "{44DF3282-0C3C-432E-9232-4732905555F9}"
EndProject
Project("{9A19103F-16F7-4668-BE54-9A1E7A4F7556}") = "FreeCourse.Shared", "Shared\FreeCourse.Shared\FreeCourse.Shared.csproj", "{B4AD5DC8-77B2-45DB-B7C5-5B0B58106EA7}"
EndProject
Project("{2150E333-8FDC-42A3-9474-1A3956D46DE8}") = "IdentityServer", "IdentityServer", "{A4C723B0-0919-4AAF-AE6F-5600B3D47A25}"
EndProject
Project("{9A19103F-16F7-4668-BE54-9A1E7A4F7556}") = "FreeCourse.IdentityServer", "IdentityServer\FreeCourse.IdentityServer\FreeCourse.IdentityServer.csproj", "{82C518F1-5915-4665-A635-7562F5E81693}"
EndProject
Project("{2150E333-8FDC-42A3-9474-1A3956D46DE8}") = "PhotoStock", "PhotoStock", "{48133262-E2BD-47B3-94DD-96A3CDD2D2F2}"
EndProject
Project("{9A19103F-16F7-4668-BE54-9A1E7A4F7556}") = "FreeCourse.Services.PhotoStock", "Services\PhotoStock\FreeCourse.Services.PhotoStock\FreeCourse.Services.PhotoStock.csproj", "{0413849B-C480-4701-8A0D-2F9FA6156C67}"
EndProject
Project("{2150E333-8FDC-42A3-9474-1A3956D46DE8}") = "Basket", "Basket", "{6DA406EF-B08B-460C-A6E9-73EB027CA179}"
EndProject
Project("{9A19103F-16F7-4668-BE54-9A1E7A4F7556}") = "FreeCourse.Services.Basket", "Services\Basket\FreeCourse.Services.Basket\FreeCourse.Services.Basket.csproj", "{AFC3695E-72FB-4015-8E51-FBD2916370BF}"
EndProject
Project("{2150E333-8FDC-42A3-9474-1A3956D46DE8}") = "Discount", "Discount", "{98227632-1A64-4A81-B6D1-25F6436691D9}"
EndProject
Project("{FAE04EC0-301F-11D3-BF4B-00C04F79EFBC}") = "FreeCourse.Services.Discount", "Services\Discount\FreeCourse.Services.Discount\FreeCourse.Services.Discount.csproj", "{FAD57E70-30D6-4954-90AC-77EFD0E1B9BC}"
EndProject
Project("{2150E333-8FDC-42A3-9474-1A3956D46DE8}") = "Order", "Order", "{450029FC-321A-4B46-B937-CE8F0CCE5CBC}"
EndProject
Project("{FAE04EC0-301F-11D3-BF4B-00C04F79EFBC}") = "FreeCourse.Services.Order.API", "Services\Order\FreeCourse.Services.Order.API\FreeCourse.Services.Order.API.csproj", "{6DDF22F8-57BF-4672-B301-C5917A28A3BE}"
EndProject
Project("{FAE04EC0-301F-11D3-BF4B-00C04F79EFBC}") = "FreeCourse.Services.Order.Application", "Services\Order\FreeCourse.Services.Order.Application\FreeCourse.Services.Order.Application.csproj", "{CF39033E-5EFB-4700-83FC-72B679856CB4}"
EndProject
Project("{FAE04EC0-301F-11D3-BF4B-00C04F79EFBC}") = "FreeCourse.Services.Order.Domain", "Services\Order\FreeCourse.Services.Order.Domain\FreeCourse.Services.Order.Domain.csproj", "{DAD15008-F93A-43F0-87FF-69208DC2BDD2}"
EndProject
Project("{FAE04EC0-301F-11D3-BF4B-00C04F79EFBC}") = "FreeCourse.Services.Order.Domain.Core", "Services\Order\FreeCourse.Services.Order.Domain.Core\FreeCourse.Services.Order.Domain.Core.csproj", "{FE6E0A0E-3A0C-47E6-A7DA-D0E3D7DF2CA0}"
EndProject
Project("{FAE04EC0-301F-11D3-BF4B-00C04F79EFBC}") = "FreeCourse.Services.Order.Infrastructure", "Services\Order\FreeCourse.Services.Order.Infrastructure\FreeCourse.Services.Order.Infrastructure.csproj", "{95A5569F-4D28-45BD-B899-3F40EDD2E9F6}"
EndProject
Global
	GlobalSection(SolutionConfigurationPlatforms) = preSolution
		Debug|Any CPU = Debug|Any CPU
		Release|Any CPU = Release|Any CPU
	EndGlobalSection
	GlobalSection(ProjectConfigurationPlatforms) = postSolution
		{0CBD037F-9F12-4605-8722-E2EA0F34A892}.Debug|Any CPU.ActiveCfg = Debug|Any CPU
		{0CBD037F-9F12-4605-8722-E2EA0F34A892}.Debug|Any CPU.Build.0 = Debug|Any CPU
		{0CBD037F-9F12-4605-8722-E2EA0F34A892}.Release|Any CPU.ActiveCfg = Release|Any CPU
		{0CBD037F-9F12-4605-8722-E2EA0F34A892}.Release|Any CPU.Build.0 = Release|Any CPU
		{B4AD5DC8-77B2-45DB-B7C5-5B0B58106EA7}.Debug|Any CPU.ActiveCfg = Debug|Any CPU
		{B4AD5DC8-77B2-45DB-B7C5-5B0B58106EA7}.Debug|Any CPU.Build.0 = Debug|Any CPU
		{B4AD5DC8-77B2-45DB-B7C5-5B0B58106EA7}.Release|Any CPU.ActiveCfg = Release|Any CPU
		{B4AD5DC8-77B2-45DB-B7C5-5B0B58106EA7}.Release|Any CPU.Build.0 = Release|Any CPU
		{82C518F1-5915-4665-A635-7562F5E81693}.Debug|Any CPU.ActiveCfg = Debug|Any CPU
		{82C518F1-5915-4665-A635-7562F5E81693}.Debug|Any CPU.Build.0 = Debug|Any CPU
		{82C518F1-5915-4665-A635-7562F5E81693}.Release|Any CPU.ActiveCfg = Release|Any CPU
		{82C518F1-5915-4665-A635-7562F5E81693}.Release|Any CPU.Build.0 = Release|Any CPU
		{0413849B-C480-4701-8A0D-2F9FA6156C67}.Debug|Any CPU.ActiveCfg = Debug|Any CPU
		{0413849B-C480-4701-8A0D-2F9FA6156C67}.Debug|Any CPU.Build.0 = Debug|Any CPU
		{0413849B-C480-4701-8A0D-2F9FA6156C67}.Release|Any CPU.ActiveCfg = Release|Any CPU
		{0413849B-C480-4701-8A0D-2F9FA6156C67}.Release|Any CPU.Build.0 = Release|Any CPU
		{AFC3695E-72FB-4015-8E51-FBD2916370BF}.Debug|Any CPU.ActiveCfg = Debug|Any CPU
		{AFC3695E-72FB-4015-8E51-FBD2916370BF}.Debug|Any CPU.Build.0 = Debug|Any CPU
		{AFC3695E-72FB-4015-8E51-FBD2916370BF}.Release|Any CPU.ActiveCfg = Release|Any CPU
		{AFC3695E-72FB-4015-8E51-FBD2916370BF}.Release|Any CPU.Build.0 = Release|Any CPU
		{FAD57E70-30D6-4954-90AC-77EFD0E1B9BC}.Debug|Any CPU.ActiveCfg = Debug|Any CPU
		{FAD57E70-30D6-4954-90AC-77EFD0E1B9BC}.Debug|Any CPU.Build.0 = Debug|Any CPU
		{FAD57E70-30D6-4954-90AC-77EFD0E1B9BC}.Release|Any CPU.ActiveCfg = Release|Any CPU
		{FAD57E70-30D6-4954-90AC-77EFD0E1B9BC}.Release|Any CPU.Build.0 = Release|Any CPU
		{6DDF22F8-57BF-4672-B301-C5917A28A3BE}.Debug|Any CPU.ActiveCfg = Debug|Any CPU
		{6DDF22F8-57BF-4672-B301-C5917A28A3BE}.Debug|Any CPU.Build.0 = Debug|Any CPU
		{6DDF22F8-57BF-4672-B301-C5917A28A3BE}.Release|Any CPU.ActiveCfg = Release|Any CPU
		{6DDF22F8-57BF-4672-B301-C5917A28A3BE}.Release|Any CPU.Build.0 = Release|Any CPU
		{CF39033E-5EFB-4700-83FC-72B679856CB4}.Debug|Any CPU.ActiveCfg = Debug|Any CPU
		{CF39033E-5EFB-4700-83FC-72B679856CB4}.Debug|Any CPU.Build.0 = Debug|Any CPU
		{CF39033E-5EFB-4700-83FC-72B679856CB4}.Release|Any CPU.ActiveCfg = Release|Any CPU
		{CF39033E-5EFB-4700-83FC-72B679856CB4}.Release|Any CPU.Build.0 = Release|Any CPU
		{DAD15008-F93A-43F0-87FF-69208DC2BDD2}.Debug|Any CPU.ActiveCfg = Debug|Any CPU
		{DAD15008-F93A-43F0-87FF-69208DC2BDD2}.Debug|Any CPU.Build.0 = Debug|Any CPU
		{DAD15008-F93A-43F0-87FF-69208DC2BDD2}.Release|Any CPU.ActiveCfg = Release|Any CPU
		{DAD15008-F93A-43F0-87FF-69208DC2BDD2}.Release|Any CPU.Build.0 = Release|Any CPU
		{FE6E0A0E-3A0C-47E6-A7DA-D0E3D7DF2CA0}.Debug|Any CPU.ActiveCfg = Debug|Any CPU
		{FE6E0A0E-3A0C-47E6-A7DA-D0E3D7DF2CA0}.Debug|Any CPU.Build.0 = Debug|Any CPU
		{FE6E0A0E-3A0C-47E6-A7DA-D0E3D7DF2CA0}.Release|Any CPU.ActiveCfg = Release|Any CPU
		{FE6E0A0E-3A0C-47E6-A7DA-D0E3D7DF2CA0}.Release|Any CPU.Build.0 = Release|Any CPU
		{95A5569F-4D28-45BD-B899-3F40EDD2E9F6}.Debug|Any CPU.ActiveCfg = Debug|Any CPU
		{95A5569F-4D28-45BD-B899-3F40EDD2E9F6}.Debug|Any CPU.Build.0 = Debug|Any CPU
		{95A5569F-4D28-45BD-B899-3F40EDD2E9F6}.Release|Any CPU.ActiveCfg = Release|Any CPU
		{95A5569F-4D28-45BD-B899-3F40EDD2E9F6}.Release|Any CPU.Build.0 = Release|Any CPU
	EndGlobalSection
	GlobalSection(SolutionProperties) = preSolution
		HideSolutionNode = FALSE
	EndGlobalSection
	GlobalSection(NestedProjects) = preSolution
		{1182D961-A03D-4558-82A6-526A88F053AA} = {C28A2391-DED7-4EC1-9570-98BBCD7F27A6}
		{0CBD037F-9F12-4605-8722-E2EA0F34A892} = {1182D961-A03D-4558-82A6-526A88F053AA}
		{B4AD5DC8-77B2-45DB-B7C5-5B0B58106EA7} = {44DF3282-0C3C-432E-9232-4732905555F9}
		{82C518F1-5915-4665-A635-7562F5E81693} = {A4C723B0-0919-4AAF-AE6F-5600B3D47A25}
		{48133262-E2BD-47B3-94DD-96A3CDD2D2F2} = {C28A2391-DED7-4EC1-9570-98BBCD7F27A6}
		{0413849B-C480-4701-8A0D-2F9FA6156C67} = {48133262-E2BD-47B3-94DD-96A3CDD2D2F2}
		{6DA406EF-B08B-460C-A6E9-73EB027CA179} = {C28A2391-DED7-4EC1-9570-98BBCD7F27A6}
		{AFC3695E-72FB-4015-8E51-FBD2916370BF} = {6DA406EF-B08B-460C-A6E9-73EB027CA179}
		{98227632-1A64-4A81-B6D1-25F6436691D9} = {C28A2391-DED7-4EC1-9570-98BBCD7F27A6}
		{FAD57E70-30D6-4954-90AC-77EFD0E1B9BC} = {98227632-1A64-4A81-B6D1-25F6436691D9}
		{450029FC-321A-4B46-B937-CE8F0CCE5CBC} = {C28A2391-DED7-4EC1-9570-98BBCD7F27A6}
		{6DDF22F8-57BF-4672-B301-C5917A28A3BE} = {450029FC-321A-4B46-B937-CE8F0CCE5CBC}
		{CF39033E-5EFB-4700-83FC-72B679856CB4} = {450029FC-321A-4B46-B937-CE8F0CCE5CBC}
		{DAD15008-F93A-43F0-87FF-69208DC2BDD2} = {450029FC-321A-4B46-B937-CE8F0CCE5CBC}
		{FE6E0A0E-3A0C-47E6-A7DA-D0E3D7DF2CA0} = {450029FC-321A-4B46-B937-CE8F0CCE5CBC}
		{95A5569F-4D28-45BD-B899-3F40EDD2E9F6} = {450029FC-321A-4B46-B937-CE8F0CCE5CBC}
	EndGlobalSection
	GlobalSection(ExtensibilityGlobals) = postSolution
		SolutionGuid = {17120AB9-C5FC-4E35-8FD2-1C64DAE4B2E5}
	EndGlobalSection
EndGlobal
